PODS:
  - MMTToolForAppTrans (0.6.10):
    - MMTToolForXCGLog
    - WCDB.swift
  - MMTToolForXCGLog (0.1.7):
    - ObjcExceptionBridging (~> 7.1.5)
  - ObjcExceptionBridging (7.1.5):
    - ObjcExceptionBridging/ObjcExceptionBridging (= 7.1.5)
  - ObjcExceptionBridging/ObjcExceptionBridging (7.1.5)
  - WCDB.swift (2.1.16):
    - WCDBOptimizedSQLCipher (= 1.4.8)
  - WCDBOptimizedSQLCipher (1.4.8)

DEPENDENCIES:
  - MMTToolForAppTrans (from `../`)

SPEC REPOS:
  trunk:
    - MMTToolForXCGLog
    - ObjcExceptionBridging
    - WCDB.swift
    - WCDBOptimizedSQLCipher

EXTERNAL SOURCES:
  MMTToolForAppTrans:
    :path: "../"

SPEC CHECKSUMS:
  MMTToolForAppTrans: cd30d126f22487eb06461155aeef7fd218262347
  MMTToolForXCGLog: 15781ca5cfac53f7c617471c7540d90c573ad5f8
  ObjcExceptionBridging: d3d37d62981bb7f252ecb31b62d7e23a96bbfb8a
  WCDB.swift: d9c65b12e4ca9c97387c75c2393a50d9649d99e0
  WCDBOptimizedSQLCipher: 871994f7f620302fdf87a2729c099a1efa2223da

PODFILE CHECKSUM: 61c4005399a261d804a2d4230b4856f53e2b26aa

COCOAPODS: 1.16.2
